
Microsoft Visual Studio Solution File, Format Version 12.00
# Visual Studio Version 16
VisualStudioVersion = 16.0.32510.428
MinimumVisualStudioVersion = 10.0.40219.1
Project("{FAE04EC0-301F-11D3-BF4B-00C04F79EFBC}") = "Allegro-bot-gui", "Allegro-bot-gui\Allegro-bot-gui.csproj", "{B869D3AC-FC0D-4528-8241-52A8D4F46F10}"
EndProject
Global
	GlobalSection(SolutionConfigurationPlatforms) = preSolution
		Debug|Any CPU = Debug|Any CPU
		Release|Any CPU = Release|Any CPU
	EndGlobalSection
	GlobalSection(ProjectConfigurationPlatforms) = postSolution
		{B869D3AC-FC0D-4528-8241-52A8D4F46F10}.Debug|Any CPU.ActiveCfg = Debug|Any CPU
		{B869D3AC-FC0D-4528-8241-52A8D4F46F10}.Debug|Any CPU.Build.0 = Debug|Any CPU
		{B869D3AC-FC0D-4528-8241-52A8D4F46F10}.Release|Any CPU.ActiveCfg = Release|Any CPU
		{B869D3AC-FC0D-4528-8241-52A8D4F46F10}.Release|Any CPU.Build.0 = Release|Any CPU
	EndGlobalSection
	GlobalSection(SolutionProperties) = preSolution
		HideSolutionNode = FALSE
	EndGlobalSection
	GlobalSection(ExtensibilityGlobals) = postSolution
		SolutionGuid = {509999F1-DA51-463A-906D-2E78FA3A30CC}
	EndGlobalSection
EndGlobal
